
Microsoft Visual Studio Solution File, Format Version 12.00
# Visual Studio Version 17
VisualStudioVersion = 17.7.34031.279
MinimumVisualStudioVersion = 10.0.40219.1
Project("{8BC9CEB8-8B4A-11D0-8D11-00A0C91BC942}") = "Home_21", "Home_21\Home_21.vcxproj", "{D071E37C-D236-471E-B9EE-859FE4520C00}"
EndProject
Global
	GlobalSection(SolutionConfigurationPlatforms) = preSolution
		Debug|x64 = Debug|x64
		Debug|x86 = Debug|x86
		Release|x64 = Release|x64
		Release|x86 = Release|x86
	EndGlobalSection
	GlobalSection(ProjectConfigurationPlatforms) = postSolution
		{D071E37C-D236-471E-B9EE-859FE4520C00}.Debug|x64.ActiveCfg = Debug|x64
		{D071E37C-D236-471E-B9EE-859FE4520C00}.Debug|x64.Build.0 = Debug|x64
		{D071E37C-D236-471E-B9EE-859FE4520C00}.Debug|x86.ActiveCfg = Debug|Win32
		{D071E37C-D236-471E-B9EE-859FE4520C00}.Debug|x86.Build.0 = Debug|Win32
		{D071E37C-D236-471E-B9EE-859FE4520C00}.Release|x64.ActiveCfg = Release|x64
		{D071E37C-D236-471E-B9EE-859FE4520C00}.Release|x64.Build.0 = Release|x64
		{D071E37C-D236-471E-B9EE-859FE4520C00}.Release|x86.ActiveCfg = Release|Win32
		{D071E37C-D236-471E-B9EE-859FE4520C00}.Release|x86.Build.0 = Release|Win32
	EndGlobalSection
	GlobalSection(SolutionProperties) = preSolution
		HideSolutionNode = FALSE
	EndGlobalSection
	GlobalSection(ExtensibilityGlobals) = postSolution
		SolutionGuid = {CE35B48C-DF16-40F0-BACF-C326C0034745}
	EndGlobalSection
EndGlobal
